
Microsoft Visual Studio Solution File, Format Version 12.00
# Visual Studio 2012
Project("{FAE04EC0-301F-11D3-BF4B-00C04F79EFBC}") = "RestApi", "RestApi\RestApi.csproj", "{948AB04F-1B8C-4607-A7AA-B5CA16A88269}"
EndProject
Project("{FAE04EC0-301F-11D3-BF4B-00C04F79EFBC}") = "RestApi.IntegrationTests", "RestApi.IntegrationTests\RestApi.IntegrationTests.csproj", "{2507752B-203F-418D-BA9F-D4048399FDE5}"
EndProject
Project("{FAE04EC0-301F-11D3-BF4B-00C04F79EFBC}") = "App", "App\App.csproj", "{1A284732-DF4D-42DE-A7B1-BF45DFD34A52}"
EndProject
Global
	GlobalSection(SolutionConfigurationPlatforms) = preSolution
		Debug|Any CPU = Debug|Any CPU
		Release|Any CPU = Release|Any CPU
	EndGlobalSection
	GlobalSection(ProjectConfigurationPlatforms) = postSolution
		{948AB04F-1B8C-4607-A7AA-B5CA16A88269}.Debug|Any CPU.ActiveCfg = Debug|Any CPU
		{948AB04F-1B8C-4607-A7AA-B5CA16A88269}.Debug|Any CPU.Build.0 = Debug|Any CPU
		{948AB04F-1B8C-4607-A7AA-B5CA16A88269}.Release|Any CPU.ActiveCfg = Release|Any CPU
		{948AB04F-1B8C-4607-A7AA-B5CA16A88269}.Release|Any CPU.Build.0 = Release|Any CPU
		{2507752B-203F-418D-BA9F-D4048399FDE5}.Debug|Any CPU.ActiveCfg = Debug|Any CPU
		{2507752B-203F-418D-BA9F-D4048399FDE5}.Debug|Any CPU.Build.0 = Debug|Any CPU
		{2507752B-203F-418D-BA9F-D4048399FDE5}.Release|Any CPU.ActiveCfg = Release|Any CPU
		{2507752B-203F-418D-BA9F-D4048399FDE5}.Release|Any CPU.Build.0 = Release|Any CPU
		{1A284732-DF4D-42DE-A7B1-BF45DFD34A52}.Debug|Any CPU.ActiveCfg = Debug|Any CPU
		{1A284732-DF4D-42DE-A7B1-BF45DFD34A52}.Debug|Any CPU.Build.0 = Debug|Any CPU
		{1A284732-DF4D-42DE-A7B1-BF45DFD34A52}.Release|Any CPU.ActiveCfg = Release|Any CPU
		{1A284732-DF4D-42DE-A7B1-BF45DFD34A52}.Release|Any CPU.Build.0 = Release|Any CPU
	EndGlobalSection
	GlobalSection(MonoDevelopProperties) = preSolution
		Policies = $0
		$0.DotNetNamingPolicy = $1
		$1.DirectoryNamespaceAssociation = PrefixedHierarchical
	EndGlobalSection
EndGlobal
