Microsoft Visual Studio Solution File, Format Version 12.00
# Visual Studio 15
VisualStudioVersion = 15.0.26430.16
MinimumVisualStudioVersion = 10.0.40219.1
Project("{2150E333-8FDC-42A3-9474-1A3956D46DE8}") = "Docs", "Docs", "{6B60D665-F85E-4921-87AE-B486AFEBB0AF}"
	ProjectSection(SolutionItems) = preProject
		features.md = features.md
		readme.md = readme.md
	EndProjectSection
EndProject
Project("{9A19103F-16F7-4668-BE54-9A1E7A4F7556}") = "Api", "src\Api\Api.csproj", "{94D742A4-9531-4544-B820-023B686E9A74}"
EndProject
Project("{9A19103F-16F7-4668-BE54-9A1E7A4F7556}") = "IntegrationTests", "test\IntegrationTests\IntegrationTests.csproj", "{A614623F-A976-46C2-AFF2-A2767D44F5C5}"
EndProject
Project("{9A19103F-16F7-4668-BE54-9A1E7A4F7556}") = "Specs", "test\Specs\Specs.csproj", "{CE128338-A8C1-4E3B-866F-6439B087BC8B}"
EndProject
Global
	GlobalSection(SolutionConfigurationPlatforms) = preSolution
		Debug|Any CPU = Debug|Any CPU
		Release|Any CPU = Release|Any CPU
	EndGlobalSection
	GlobalSection(ProjectConfigurationPlatforms) = postSolution
		{94D742A4-9531-4544-B820-023B686E9A74}.Debug|Any CPU.ActiveCfg = Debug|Any CPU
		{94D742A4-9531-4544-B820-023B686E9A74}.Debug|Any CPU.Build.0 = Debug|Any CPU
		{94D742A4-9531-4544-B820-023B686E9A74}.Release|Any CPU.ActiveCfg = Release|Any CPU
		{94D742A4-9531-4544-B820-023B686E9A74}.Release|Any CPU.Build.0 = Release|Any CPU
		{A614623F-A976-46C2-AFF2-A2767D44F5C5}.Debug|Any CPU.ActiveCfg = Debug|Any CPU
		{A614623F-A976-46C2-AFF2-A2767D44F5C5}.Debug|Any CPU.Build.0 = Debug|Any CPU
		{A614623F-A976-46C2-AFF2-A2767D44F5C5}.Release|Any CPU.ActiveCfg = Release|Any CPU
		{A614623F-A976-46C2-AFF2-A2767D44F5C5}.Release|Any CPU.Build.0 = Release|Any CPU
		{CE128338-A8C1-4E3B-866F-6439B087BC8B}.Debug|Any CPU.ActiveCfg = Debug|Any CPU
		{CE128338-A8C1-4E3B-866F-6439B087BC8B}.Debug|Any CPU.Build.0 = Debug|Any CPU
		{CE128338-A8C1-4E3B-866F-6439B087BC8B}.Release|Any CPU.ActiveCfg = Release|Any CPU
		{CE128338-A8C1-4E3B-866F-6439B087BC8B}.Release|Any CPU.Build.0 = Release|Any CPU
	EndGlobalSection
	GlobalSection(SolutionProperties) = preSolution
		HideSolutionNode = FALSE
	EndGlobalSection
	GlobalSection(MonoDevelopProperties) = preSolution
		Policies = $0
		$0.DotNetNamingPolicy = $1
		$1.DirectoryNamespaceAssociation = PrefixedHierarchical
	EndGlobalSection
EndGlobal
